
Microsoft Visual Studio Solution File, Format Version 12.00
# Visual Studio Version 17
VisualStudioVersion = 17.0.31903.59
MinimumVisualStudioVersion = 10.0.40219.1
Project("{FAE04EC0-301F-11D3-BF4B-00C04F79EFBC}") = "PayrollService", "PayrollService\PayrollService.csproj", "{A69A92A4-5264-4B97-92C9-53C02C92C60D}"
EndProject
Project("{FAE04EC0-301F-11D3-BF4B-00C04F79EFBC}") = "PayrollService.Tests", "PayrollService.Tests\PayrollService.Tests.csproj", "{A879CF3E-15C4-4BF1-B578-ED5711A7C6E3}"
EndProject
Project("{FAE04EC0-301F-11D3-BF4B-00C04F79EFBC}") = "PayrollApi", "PayrollApi\PayrollApi.csproj", "{EC5307AB-1507-47DE-8E41-5C6BA157F985}"
EndProject
Global
	GlobalSection(SolutionConfigurationPlatforms) = preSolution
		Debug|Any CPU = Debug|Any CPU
		Release|Any CPU = Release|Any CPU
	EndGlobalSection
	GlobalSection(SolutionProperties) = preSolution
		HideSolutionNode = FALSE
	EndGlobalSection
	GlobalSection(ProjectConfigurationPlatforms) = postSolution
		{A69A92A4-5264-4B97-92C9-53C02C92C60D}.Debug|Any CPU.ActiveCfg = Debug|Any CPU
		{A69A92A4-5264-4B97-92C9-53C02C92C60D}.Debug|Any CPU.Build.0 = Debug|Any CPU
		{A69A92A4-5264-4B97-92C9-53C02C92C60D}.Release|Any CPU.ActiveCfg = Release|Any CPU
		{A69A92A4-5264-4B97-92C9-53C02C92C60D}.Release|Any CPU.Build.0 = Release|Any CPU
		{A879CF3E-15C4-4BF1-B578-ED5711A7C6E3}.Debug|Any CPU.ActiveCfg = Debug|Any CPU
		{A879CF3E-15C4-4BF1-B578-ED5711A7C6E3}.Debug|Any CPU.Build.0 = Debug|Any CPU
		{A879CF3E-15C4-4BF1-B578-ED5711A7C6E3}.Release|Any CPU.ActiveCfg = Release|Any CPU
		{A879CF3E-15C4-4BF1-B578-ED5711A7C6E3}.Release|Any CPU.Build.0 = Release|Any CPU
		{EC5307AB-1507-47DE-8E41-5C6BA157F985}.Debug|Any CPU.ActiveCfg = Debug|Any CPU
		{EC5307AB-1507-47DE-8E41-5C6BA157F985}.Debug|Any CPU.Build.0 = Debug|Any CPU
		{EC5307AB-1507-47DE-8E41-5C6BA157F985}.Release|Any CPU.ActiveCfg = Release|Any CPU
		{EC5307AB-1507-47DE-8E41-5C6BA157F985}.Release|Any CPU.Build.0 = Release|Any CPU
	EndGlobalSection
EndGlobal
